
Microsoft Visual Studio Solution File, Format Version 12.00
# Visual Studio Version 17
VisualStudioVersion = 17.12.35527.113
MinimumVisualStudioVersion = 10.0.40219.1
Project("{FAE04EC0-301F-11D3-BF4B-00C04F79EFBC}") = "AASOIU", "AASOIUClassic\AASOIU.csproj", "{3602F719-C21C-4C57-B4BC-11A6CA2DB4BD}"
EndProject
Project("{FAE04EC0-301F-11D3-BF4B-00C04F79EFBC}") = "Homework1", "Homework1\Homework1.csproj", "{62E756BB-0C81-459C-9772-C0CFF41DABCB}"
EndProject
Project("{FAE04EC0-301F-11D3-BF4B-00C04F79EFBC}") = "Homework2", "Homework2\Homework2.csproj", "{0179E992-9A97-46D2-B81C-BA8807F8F07D}"
EndProject
Project("{FAE04EC0-301F-11D3-BF4B-00C04F79EFBC}") = "Sem1", "Sem1\Sem1.csproj", "{1216790E-09D2-4E0C-B8FD-6D9FA4098A3D}"
EndProject
Project("{FAE04EC0-301F-11D3-BF4B-00C04F79EFBC}") = "Sem2", "Sem2\Sem2.csproj", "{4291B4DA-E383-4163-8081-FE1249CC6549}"
EndProject
Project("{FAE04EC0-301F-11D3-BF4B-00C04F79EFBC}") = "Sem3", "Sem3\Sem3.csproj", "{0BEC8B14-F11B-422F-8777-16EE754A6710}"
EndProject
Project("{FAE04EC0-301F-11D3-BF4B-00C04F79EFBC}") = "Sem4", "Sem4\Sem4.csproj", "{D5DD60A8-1913-415B-85F3-BF32CC04781F}"
EndProject
Project("{FAE04EC0-301F-11D3-BF4B-00C04F79EFBC}") = "Sem5", "Sem5\Sem5.csproj", "{B95B07F8-8A6C-49DA-8749-8C9F958543EC}"
EndProject
Project("{FAE04EC0-301F-11D3-BF4B-00C04F79EFBC}") = "Sem6", "Sem6\Sem6.csproj", "{80F080D4-7749-47EC-926A-F527F23072D8}"
EndProject
Project("{FAE04EC0-301F-11D3-BF4B-00C04F79EFBC}") = "Sem7", "Sem7\Sem7.csproj", "{17537F51-6E73-4242-A2AA-7F2CD40071C1}"
EndProject
Project("{FAE04EC0-301F-11D3-BF4B-00C04F79EFBC}") = "Homework3", "Homework3\Homework3.csproj", "{E256A5C1-5BAD-4D64-9036-05622EF33F96}"
EndProject
Global
	GlobalSection(SolutionConfigurationPlatforms) = preSolution
		Debug|Any CPU = Debug|Any CPU
		Release|Any CPU = Release|Any CPU
	EndGlobalSection
	GlobalSection(ProjectConfigurationPlatforms) = postSolution
		{3602F719-C21C-4C57-B4BC-11A6CA2DB4BD}.Debug|Any CPU.ActiveCfg = Debug|Any CPU
		{3602F719-C21C-4C57-B4BC-11A6CA2DB4BD}.Debug|Any CPU.Build.0 = Debug|Any CPU
		{3602F719-C21C-4C57-B4BC-11A6CA2DB4BD}.Release|Any CPU.ActiveCfg = Release|Any CPU
		{3602F719-C21C-4C57-B4BC-11A6CA2DB4BD}.Release|Any CPU.Build.0 = Release|Any CPU
		{62E756BB-0C81-459C-9772-C0CFF41DABCB}.Debug|Any CPU.ActiveCfg = Debug|Any CPU
		{62E756BB-0C81-459C-9772-C0CFF41DABCB}.Debug|Any CPU.Build.0 = Debug|Any CPU
		{62E756BB-0C81-459C-9772-C0CFF41DABCB}.Release|Any CPU.ActiveCfg = Release|Any CPU
		{62E756BB-0C81-459C-9772-C0CFF41DABCB}.Release|Any CPU.Build.0 = Release|Any CPU
		{0179E992-9A97-46D2-B81C-BA8807F8F07D}.Debug|Any CPU.ActiveCfg = Debug|Any CPU
		{0179E992-9A97-46D2-B81C-BA8807F8F07D}.Debug|Any CPU.Build.0 = Debug|Any CPU
		{0179E992-9A97-46D2-B81C-BA8807F8F07D}.Release|Any CPU.ActiveCfg = Release|Any CPU
		{0179E992-9A97-46D2-B81C-BA8807F8F07D}.Release|Any CPU.Build.0 = Release|Any CPU
		{1216790E-09D2-4E0C-B8FD-6D9FA4098A3D}.Debug|Any CPU.ActiveCfg = Debug|Any CPU
		{1216790E-09D2-4E0C-B8FD-6D9FA4098A3D}.Debug|Any CPU.Build.0 = Debug|Any CPU
		{1216790E-09D2-4E0C-B8FD-6D9FA4098A3D}.Release|Any CPU.ActiveCfg = Release|Any CPU
		{1216790E-09D2-4E0C-B8FD-6D9FA4098A3D}.Release|Any CPU.Build.0 = Release|Any CPU
		{4291B4DA-E383-4163-8081-FE1249CC6549}.Debug|Any CPU.ActiveCfg = Debug|Any CPU
		{4291B4DA-E383-4163-8081-FE1249CC6549}.Debug|Any CPU.Build.0 = Debug|Any CPU
		{4291B4DA-E383-4163-8081-FE1249CC6549}.Release|Any CPU.ActiveCfg = Release|Any CPU
		{4291B4DA-E383-4163-8081-FE1249CC6549}.Release|Any CPU.Build.0 = Release|Any CPU
		{0BEC8B14-F11B-422F-8777-16EE754A6710}.Debug|Any CPU.ActiveCfg = Debug|Any CPU
		{0BEC8B14-F11B-422F-8777-16EE754A6710}.Debug|Any CPU.Build.0 = Debug|Any CPU
		{0BEC8B14-F11B-422F-8777-16EE754A6710}.Release|Any CPU.ActiveCfg = Release|Any CPU
		{0BEC8B14-F11B-422F-8777-16EE754A6710}.Release|Any CPU.Build.0 = Release|Any CPU
		{D5DD60A8-1913-415B-85F3-BF32CC04781F}.Debug|Any CPU.ActiveCfg = Debug|Any CPU
		{D5DD60A8-1913-415B-85F3-BF32CC04781F}.Debug|Any CPU.Build.0 = Debug|Any CPU
		{D5DD60A8-1913-415B-85F3-BF32CC04781F}.Release|Any CPU.ActiveCfg = Release|Any CPU
		{D5DD60A8-1913-415B-85F3-BF32CC04781F}.Release|Any CPU.Build.0 = Release|Any CPU
		{B95B07F8-8A6C-49DA-8749-8C9F958543EC}.Debug|Any CPU.ActiveCfg = Debug|Any CPU
		{B95B07F8-8A6C-49DA-8749-8C9F958543EC}.Debug|Any CPU.Build.0 = Debug|Any CPU
		{B95B07F8-8A6C-49DA-8749-8C9F958543EC}.Release|Any CPU.ActiveCfg = Release|Any CPU
		{B95B07F8-8A6C-49DA-8749-8C9F958543EC}.Release|Any CPU.Build.0 = Release|Any CPU
		{80F080D4-7749-47EC-926A-F527F23072D8}.Debug|Any CPU.ActiveCfg = Debug|Any CPU
		{80F080D4-7749-47EC-926A-F527F23072D8}.Debug|Any CPU.Build.0 = Debug|Any CPU
		{80F080D4-7749-47EC-926A-F527F23072D8}.Release|Any CPU.ActiveCfg = Release|Any CPU
		{80F080D4-7749-47EC-926A-F527F23072D8}.Release|Any CPU.Build.0 = Release|Any CPU
		{17537F51-6E73-4242-A2AA-7F2CD40071C1}.Debug|Any CPU.ActiveCfg = Debug|Any CPU
		{17537F51-6E73-4242-A2AA-7F2CD40071C1}.Debug|Any CPU.Build.0 = Debug|Any CPU
		{17537F51-6E73-4242-A2AA-7F2CD40071C1}.Release|Any CPU.ActiveCfg = Release|Any CPU
		{17537F51-6E73-4242-A2AA-7F2CD40071C1}.Release|Any CPU.Build.0 = Release|Any CPU
		{E256A5C1-5BAD-4D64-9036-05622EF33F96}.Debug|Any CPU.ActiveCfg = Debug|Any CPU
		{E256A5C1-5BAD-4D64-9036-05622EF33F96}.Debug|Any CPU.Build.0 = Debug|Any CPU
		{E256A5C1-5BAD-4D64-9036-05622EF33F96}.Release|Any CPU.ActiveCfg = Release|Any CPU
		{E256A5C1-5BAD-4D64-9036-05622EF33F96}.Release|Any CPU.Build.0 = Release|Any CPU
	EndGlobalSection
	GlobalSection(SolutionProperties) = preSolution
		HideSolutionNode = FALSE
	EndGlobalSection
	GlobalSection(ExtensibilityGlobals) = postSolution
		SolutionGuid = {00908073-AD41-45A9-B052-19319EAA9DBA}
	EndGlobalSection
EndGlobal
